
Microsoft Visual Studio Solution File, Format Version 12.00
# Visual Studio Version 17
VisualStudioVersion = 17.9.34728.123
MinimumVisualStudioVersion = 10.0.40219.1
Project("{9A19103F-16F7-4668-BE54-9A1E7A4F7556}") = "AspNet2HW", "AspNet2HW\AspNet2HW.csproj", "{C76C1319-7DD4-4083-89A8-69768B8EF6BC}"
EndProject
Global
	GlobalSection(SolutionConfigurationPlatforms) = preSolution
		Debug|Any CPU = Debug|Any CPU
		Release|Any CPU = Release|Any CPU
	EndGlobalSection
	GlobalSection(ProjectConfigurationPlatforms) = postSolution
		{C76C1319-7DD4-4083-89A8-69768B8EF6BC}.Debug|Any CPU.ActiveCfg = Debug|Any CPU
		{C76C1319-7DD4-4083-89A8-69768B8EF6BC}.Debug|Any CPU.Build.0 = Debug|Any CPU
		{C76C1319-7DD4-4083-89A8-69768B8EF6BC}.Release|Any CPU.ActiveCfg = Release|Any CPU
		{C76C1319-7DD4-4083-89A8-69768B8EF6BC}.Release|Any CPU.Build.0 = Release|Any CPU
	EndGlobalSection
	GlobalSection(SolutionProperties) = preSolution
		HideSolutionNode = FALSE
	EndGlobalSection
	GlobalSection(ExtensibilityGlobals) = postSolution
		SolutionGuid = {C13F4F60-1081-4127-B429-52A05E555D82}
	EndGlobalSection
EndGlobal
